
Microsoft Visual Studio Solution File, Format Version 12.00
# Visual Studio 15
VisualStudioVersion = 15.0.26430.13
MinimumVisualStudioVersion = 10.0.40219.1
Project("{FAE04EC0-301F-11D3-BF4B-00C04F79EFBC}") = "Fibonachchi", "Fibonachchi\Fibonachchi.csproj", "{9481220E-A042-4F05-BEAA-BF067EE8821F}"
EndProject
Project("{FAE04EC0-301F-11D3-BF4B-00C04F79EFBC}") = "Project1", "Project1\Project1.csproj", "{7D5FD524-0A72-4F76-A1B4-328B872F446D}"
EndProject
Project("{FAE04EC0-301F-11D3-BF4B-00C04F79EFBC}") = "Sequance", "Sequance\Sequance.csproj", "{6C446DC8-23C2-4743-8A58-D1861B0E9297}"
EndProject
Project("{FAE04EC0-301F-11D3-BF4B-00C04F79EFBC}") = "CreatingLineFromRandomPartsOfOthers", "CreatingLineFromRandomPartsOfOthers\CreatingLineFromRandomPartsOfOthers.csproj", "{0253AD5F-9C15-4235-98B8-3CF9D83A3FE4}"
EndProject
Project("{FAE04EC0-301F-11D3-BF4B-00C04F79EFBC}") = "CreatingArrayFromElementsOfOthers", "CreatingArrayFromElementsOfOthers\CreatingArrayFromElementsOfOthers.csproj", "{BB3563D2-7CE8-4382-B967-3E6C2071563F}"
EndProject
Project("{FAE04EC0-301F-11D3-BF4B-00C04F79EFBC}") = "Transliteration", "Transliteration\Transliteration.csproj", "{34A78545-246F-4A8C-8A8A-EF7D6691A519}"
EndProject
Global
	GlobalSection(SolutionConfigurationPlatforms) = preSolution
		Debug|Any CPU = Debug|Any CPU
		Release|Any CPU = Release|Any CPU
	EndGlobalSection
	GlobalSection(ProjectConfigurationPlatforms) = postSolution
		{9481220E-A042-4F05-BEAA-BF067EE8821F}.Debug|Any CPU.ActiveCfg = Debug|Any CPU
		{9481220E-A042-4F05-BEAA-BF067EE8821F}.Debug|Any CPU.Build.0 = Debug|Any CPU
		{9481220E-A042-4F05-BEAA-BF067EE8821F}.Release|Any CPU.ActiveCfg = Release|Any CPU
		{9481220E-A042-4F05-BEAA-BF067EE8821F}.Release|Any CPU.Build.0 = Release|Any CPU
		{7D5FD524-0A72-4F76-A1B4-328B872F446D}.Debug|Any CPU.ActiveCfg = Debug|Any CPU
		{7D5FD524-0A72-4F76-A1B4-328B872F446D}.Debug|Any CPU.Build.0 = Debug|Any CPU
		{7D5FD524-0A72-4F76-A1B4-328B872F446D}.Release|Any CPU.ActiveCfg = Release|Any CPU
		{7D5FD524-0A72-4F76-A1B4-328B872F446D}.Release|Any CPU.Build.0 = Release|Any CPU
		{6C446DC8-23C2-4743-8A58-D1861B0E9297}.Debug|Any CPU.ActiveCfg = Debug|Any CPU
		{6C446DC8-23C2-4743-8A58-D1861B0E9297}.Debug|Any CPU.Build.0 = Debug|Any CPU
		{6C446DC8-23C2-4743-8A58-D1861B0E9297}.Release|Any CPU.ActiveCfg = Release|Any CPU
		{6C446DC8-23C2-4743-8A58-D1861B0E9297}.Release|Any CPU.Build.0 = Release|Any CPU
		{0253AD5F-9C15-4235-98B8-3CF9D83A3FE4}.Debug|Any CPU.ActiveCfg = Debug|Any CPU
		{0253AD5F-9C15-4235-98B8-3CF9D83A3FE4}.Debug|Any CPU.Build.0 = Debug|Any CPU
		{0253AD5F-9C15-4235-98B8-3CF9D83A3FE4}.Release|Any CPU.ActiveCfg = Release|Any CPU
		{0253AD5F-9C15-4235-98B8-3CF9D83A3FE4}.Release|Any CPU.Build.0 = Release|Any CPU
		{BB3563D2-7CE8-4382-B967-3E6C2071563F}.Debug|Any CPU.ActiveCfg = Debug|Any CPU
		{BB3563D2-7CE8-4382-B967-3E6C2071563F}.Debug|Any CPU.Build.0 = Debug|Any CPU
		{BB3563D2-7CE8-4382-B967-3E6C2071563F}.Release|Any CPU.ActiveCfg = Release|Any CPU
		{BB3563D2-7CE8-4382-B967-3E6C2071563F}.Release|Any CPU.Build.0 = Release|Any CPU
		{34A78545-246F-4A8C-8A8A-EF7D6691A519}.Debug|Any CPU.ActiveCfg = Debug|Any CPU
		{34A78545-246F-4A8C-8A8A-EF7D6691A519}.Debug|Any CPU.Build.0 = Debug|Any CPU
		{34A78545-246F-4A8C-8A8A-EF7D6691A519}.Release|Any CPU.ActiveCfg = Release|Any CPU
		{34A78545-246F-4A8C-8A8A-EF7D6691A519}.Release|Any CPU.Build.0 = Release|Any CPU
	EndGlobalSection
	GlobalSection(SolutionProperties) = preSolution
		HideSolutionNode = FALSE
	EndGlobalSection
EndGlobal
